
Microsoft Visual Studio Solution File, Format Version 12.00
# Visual Studio Version 16
VisualStudioVersion = 16.0.30523.141
MinimumVisualStudioVersion = 10.0.40219.1
Project("{2150E333-8FDC-42A3-9474-1A3956D46DE8}") = "Services", "Services", "{14F5AD30-8F79-4FA5-B7D9-3895ADE86915}"
EndProject
Project("{2150E333-8FDC-42A3-9474-1A3956D46DE8}") = "Catalog", "Catalog", "{164C6B54-0D44-4371-80C9-0FC3B0C21958}"
EndProject
Project("{9A19103F-16F7-4668-BE54-9A1E7A4F7556}") = "Catalog.API", "Services\Catalog\Catalog.API\Catalog.API.csproj", "{45AD2214-9733-4AC5-A6A8-8AE0341B7F39}"
EndProject
Project("{E53339B2-1760-4266-BCC7-CA923CBCF16C}") = "docker-compose", "docker-compose.dcproj", "{677606D3-667D-4D10-B45B-367BCD738BA4}"
EndProject
Project("{2150E333-8FDC-42A3-9474-1A3956D46DE8}") = "Basket", "Basket", "{FE408E50-F38F-4606-B73C-DCA60810A5B1}"
EndProject
Global
	GlobalSection(SolutionConfigurationPlatforms) = preSolution
		Debug|Any CPU = Debug|Any CPU
		Release|Any CPU = Release|Any CPU
	EndGlobalSection
	GlobalSection(ProjectConfigurationPlatforms) = postSolution
		{45AD2214-9733-4AC5-A6A8-8AE0341B7F39}.Debug|Any CPU.ActiveCfg = Debug|Any CPU
		{45AD2214-9733-4AC5-A6A8-8AE0341B7F39}.Debug|Any CPU.Build.0 = Debug|Any CPU
		{45AD2214-9733-4AC5-A6A8-8AE0341B7F39}.Release|Any CPU.ActiveCfg = Release|Any CPU
		{45AD2214-9733-4AC5-A6A8-8AE0341B7F39}.Release|Any CPU.Build.0 = Release|Any CPU
		{677606D3-667D-4D10-B45B-367BCD738BA4}.Debug|Any CPU.ActiveCfg = Debug|Any CPU
		{677606D3-667D-4D10-B45B-367BCD738BA4}.Debug|Any CPU.Build.0 = Debug|Any CPU
		{677606D3-667D-4D10-B45B-367BCD738BA4}.Release|Any CPU.ActiveCfg = Release|Any CPU
		{677606D3-667D-4D10-B45B-367BCD738BA4}.Release|Any CPU.Build.0 = Release|Any CPU
	EndGlobalSection
	GlobalSection(SolutionProperties) = preSolution
		HideSolutionNode = FALSE
	EndGlobalSection
	GlobalSection(NestedProjects) = preSolution
		{164C6B54-0D44-4371-80C9-0FC3B0C21958} = {14F5AD30-8F79-4FA5-B7D9-3895ADE86915}
		{45AD2214-9733-4AC5-A6A8-8AE0341B7F39} = {164C6B54-0D44-4371-80C9-0FC3B0C21958}
		{FE408E50-F38F-4606-B73C-DCA60810A5B1} = {14F5AD30-8F79-4FA5-B7D9-3895ADE86915}
	EndGlobalSection
	GlobalSection(ExtensibilityGlobals) = postSolution
		SolutionGuid = {F3514DD9-FFCC-47E9-B69B-15584D372983}
	EndGlobalSection
EndGlobal
